#MicroXplorer Configuration settings - do not modify
Mcu.Family=STM32F4
PD12.PinState=GPIO_PIN_RESET
RCC.PLLSourceVirtual=RCC_PLLSOURCE_HSE
ProjectManager.MainLocation=Core/Src
PA0/WKUP.GPIOParameters=GPIO_PuPd,GPIO_Label
PD12.GPIO_Label=BEEP
ProjectManager.ProjectFileName=stm32f429CubeThreadXTest.ioc
RCC.CortexFreq_Value=168000000
PD12.GPIO_Speed=GPIO_SPEED_FREQ_VERY_HIGH
ProjectManager.KeepUserCode=true
Mcu.UserName=STM32F429IGTx
Mcu.PinsNb=14
ProjectManager.NoMain=false
PC13.Locked=true
RCC.PLLCLKFreq_Value=168000000
PC13.Signal=GPIO_Input
RCC.PLLQCLKFreq_Value=48000000
ProjectManager.functionlistsort=1-MX_GPIO_Init-GPIO-false-HAL-true,2-SystemClock_Config-RCC-false-HAL-false
RCC.RTCFreq_Value=32000
PA0/WKUP.Signal=GPIO_Input
ProjectManager.DefaultFWLocation=true
RCC.VCOSAIOutputFreq_ValueQ=12250000
PC14/OSC32_IN.Mode=LSE-External-Oscillator
PB0.GPIO_Label=LED1
RCC.VCOSAIOutputFreq_ValueR=24500000
ProjectManager.DeletePrevious=true
PC13.GPIO_Label=KEY2
RCC.APB1CLKDivider=RCC_HCLK_DIV4
PinOutPanel.RotationAngle=0
RCC.FamilyName=M
RCC.SYSCLKSource=RCC_SYSCLKSOURCE_PLLCLK
ProjectManager.StackSize=0x400
PH2.GPIO_PuPd=GPIO_PULLUP
RCC.SAI_BClocksFreq_Value=12250000
PB0.GPIO_Speed=GPIO_SPEED_FREQ_VERY_HIGH
PD12.Locked=true
PA13.Signal=SYS_JTMS-SWDIO
RCC.FCLKCortexFreq_Value=168000000
NVIC.SVCall_IRQn=true\:0\:0\:false\:false\:true\:false\:false
Mcu.IP2=SYS
Mcu.IP0=NVIC
Mcu.IP1=RCC
Mcu.UserConstants=
PD12.GPIOParameters=GPIO_Speed,PinState,GPIO_PuPd,GPIO_Label,GPIO_ModeDefaultOutputPP
PH3.Locked=true
ProjectManager.TargetToolchain=STM32CubeIDE
RCC.LCDTFTFreq_Value=12250000
PB0.PinState=GPIO_PIN_SET
Mcu.ThirdPartyNb=0
PB1.GPIO_PuPd=GPIO_PULLUP
PH0/OSC_IN.Mode=HSE-External-Oscillator
RCC.HCLKFreq_Value=168000000
Mcu.IPNb=3
RCC.I2SClocksFreq_Value=96000000
ProjectManager.PreviousToolchain=STM32CubeIDE
RCC.APB2TimFreq_Value=168000000
RCC.VcooutputI2S=96000000
PA0/WKUP.Locked=true
RCC.VcooutputI2SQ=96000000
PH1/OSC_OUT.Signal=RCC_OSC_OUT
Mcu.Pin6=PH2
Mcu.Pin7=PH3
ProjectManager.RegisterCallBack=
Mcu.Pin8=PB0
Mcu.Pin9=PB1
RCC.VCOSAIOutputFreq_Value=49000000
PH2.GPIOParameters=GPIO_PuPd,GPIO_Label
RCC.AHBFreq_Value=168000000
Mcu.Pin0=PC13
PB1.Locked=true
Mcu.Pin1=PC14/OSC32_IN
GPIO.groupedBy=Group By Peripherals
Mcu.Pin2=PC15/OSC32_OUT
Mcu.Pin3=PH0/OSC_IN
Mcu.Pin4=PH1/OSC_OUT
RCC.VCOI2SOutputFreq_Value=192000000
Mcu.Pin5=PA0/WKUP
ProjectManager.ProjectBuild=false
RCC.HSE_VALUE=25000000
NVIC.UsageFault_IRQn=true\:0\:0\:false\:false\:true\:false\:false
NVIC.DebugMonitor_IRQn=true\:0\:0\:false\:false\:true\:false\:false
board=custom
RCC.VCOOutputFreq_Value=336000000
NVIC.SysTick_IRQn=true\:0\:0\:false\:false\:true\:false\:true
ProjectManager.LastFirmware=true
PH0/OSC_IN.Locked=true
ProjectManager.FirmwarePackage=STM32Cube FW_F4 V1.25.2
PH0/OSC_IN.Signal=RCC_OSC_IN
MxDb.Version=DB.6.0.10
PB0.GPIOParameters=GPIO_Speed,PinState,GPIO_PuPd,GPIO_Label
RCC.APB2Freq_Value=84000000
ProjectManager.BackupPrevious=false
MxCube.Version=6.1.2
RCC.VCOInputFreq_Value=1000000
PB1.GPIO_Speed=GPIO_SPEED_FREQ_VERY_HIGH
PA14.Mode=Serial_Wire
PC13.GPIOParameters=GPIO_PuPd,GPIO_Label
PB1.GPIO_Label=LED0
PH1/OSC_OUT.Locked=true
File.Version=6
VP_SYS_VS_Systick.Mode=SysTick
RCC.EthernetFreq_Value=168000000
PC13.GPIO_PuPd=GPIO_PULLUP
PA0/WKUP.GPIO_Label=KEY_UP
PD12.GPIO_ModeDefaultOutputPP=GPIO_MODE_OUTPUT_PP
PH3.GPIOParameters=GPIO_PuPd,GPIO_Label
NVIC.NonMaskableInt_IRQn=true\:0\:0\:false\:false\:true\:false\:false
NVIC.PendSV_IRQn=true\:0\:0\:false\:false\:true\:false\:false
PC15/OSC32_OUT.Locked=true
PA0/WKUP.GPIO_PuPd=GPIO_PULLDOWN
PA13.Mode=Serial_Wire
ProjectManager.FreePins=false
RCC.IPParameters=48MHZClocksFreq_Value,AHBFreq_Value,APB1CLKDivider,APB1Freq_Value,APB1TimFreq_Value,APB2CLKDivider,APB2Freq_Value,APB2TimFreq_Value,CortexFreq_Value,EthernetFreq_Value,FCLKCortexFreq_Value,FamilyName,HCLKFreq_Value,HSE_VALUE,HSI_VALUE,I2SClocksFreq_Value,LCDTFTFreq_Value,LSI_VALUE,MCO2PinFreq_Value,PLLCLKFreq_Value,PLLM,PLLN,PLLQ,PLLQCLKFreq_Value,PLLSourceVirtual,RTCFreq_Value,RTCHSEDivFreq_Value,SAI_AClocksFreq_Value,SAI_BClocksFreq_Value,SYSCLKFreq_VALUE,SYSCLKSource,VCOI2SOutputFreq_Value,VCOInputFreq_Value,VCOOutputFreq_Value,VCOSAIOutputFreq_Value,VCOSAIOutputFreq_ValueQ,VCOSAIOutputFreq_ValueR,VcooutputI2S,VcooutputI2SQ
PH1/OSC_OUT.Mode=HSE-External-Oscillator
ProjectManager.AskForMigrate=true
Mcu.Name=STM32F429I(E-G)Tx
PH3.GPIO_PuPd=GPIO_PULLUP
ProjectManager.HalAssertFull=false
PB0.Locked=true
RCC.RTCHSEDivFreq_Value=12500000
ProjectManager.ProjectName=stm32f429CubeThreadXTest
ProjectManager.UnderRoot=true
PB1.PinState=GPIO_PIN_SET
ProjectManager.CoupleFile=false
RCC.48MHZClocksFreq_Value=48000000
RCC.MCO2PinFreq_Value=168000000
RCC.SYSCLKFreq_VALUE=168000000
Mcu.Package=LQFP176
PB1.Signal=GPIO_Output
NVIC.ForceEnableDMAVector=true
KeepUserPlacement=false
PC14/OSC32_IN.Signal=RCC_OSC32_IN
PD12.Signal=GPIO_Output
PC14/OSC32_IN.Locked=true
NVIC.MemoryManagement_IRQn=true\:0\:0\:false\:false\:true\:false\:false
PC15/OSC32_OUT.Mode=LSE-External-Oscillator
ProjectManager.CompilerOptimize=6
ProjectManager.ToolChainLocation=
RCC.LSI_VALUE=32000
VP_SYS_VS_Systick.Signal=SYS_VS_Systick
PA14.Signal=SYS_JTCK-SWCLK
ProjectManager.HeapSize=0x200
NVIC.HardFault_IRQn=true\:0\:0\:false\:false\:true\:false\:false
Mcu.Pin13=VP_SYS_VS_Systick
ProjectManager.ComputerToolchain=false
RCC.HSI_VALUE=16000000
PH3.GPIO_Label=KEY0
PH2.Locked=true
RCC.PLLQ=7
PH2.Signal=GPIO_Input
NVIC.PriorityGroup=NVIC_PRIORITYGROUP_4
RCC.APB2CLKDivider=RCC_HCLK_DIV2
PH3.Signal=GPIO_Input
Mcu.Pin11=PA13
Mcu.Pin12=PA14
RCC.PLLM=25
RCC.PLLN=336
Mcu.Pin10=PD12
RCC.APB1TimFreq_Value=84000000
NVIC.BusFault_IRQn=true\:0\:0\:false\:false\:true\:false\:false
PC15/OSC32_OUT.Signal=RCC_OSC32_OUT
RCC.APB1Freq_Value=42000000
PB0.Signal=GPIO_Output
ProjectManager.CustomerFirmwarePackage=
ProjectManager.DeviceId=STM32F429IGTx
PH2.GPIO_Label=KEY1
ProjectManager.LibraryCopy=1
PB0.GPIO_PuPd=GPIO_PULLUP
RCC.SAI_AClocksFreq_Value=12250000
PD12.GPIO_PuPd=GPIO_PULLDOWN
PB1.GPIOParameters=GPIO_Speed,PinState,GPIO_PuPd,GPIO_Label
